
Microsoft Visual Studio Solution File, Format Version 12.00
# Visual Studio 15
VisualStudioVersion = 15.0.28307.572
MinimumVisualStudioVersion = 10.0.40219.1
Project("{FAE04EC0-301F-11D3-BF4B-00C04F79EFBC}") = "WpfApp1", "WpfApp1\WpfApp1.csproj", "{C7E05695-BA63-4299-B0D3-608FC0EB269C}"
EndProject
Global
	GlobalSection(SolutionConfigurationPlatforms) = preSolution
		Debug|Any CPU = Debug|Any CPU
		Release|Any CPU = Release|Any CPU
	EndGlobalSection
	GlobalSection(ProjectConfigurationPlatforms) = postSolution
		{C7E05695-BA63-4299-B0D3-608FC0EB269C}.Debug|Any CPU.ActiveCfg = Debug|Any CPU
		{C7E05695-BA63-4299-B0D3-608FC0EB269C}.Debug|Any CPU.Build.0 = Debug|Any CPU
		{C7E05695-BA63-4299-B0D3-608FC0EB269C}.Release|Any CPU.ActiveCfg = Release|Any CPU
		{C7E05695-BA63-4299-B0D3-608FC0EB269C}.Release|Any CPU.Build.0 = Release|Any CPU
	EndGlobalSection
	GlobalSection(SolutionProperties) = preSolution
		HideSolutionNode = FALSE
	EndGlobalSection
	GlobalSection(ExtensibilityGlobals) = postSolution
		SolutionGuid = {5093A15E-1865-4740-ACE4-AC72D2AA9042}
	EndGlobalSection
EndGlobal
